// !$*UTF8*$!
{
	archiveVersion = 1;
	classes = {
	};
	objectVersion = 55;
	objects = {

/* Begin PBXBuildFile section */
		112C1B2427F6AA01001C8BAF /* AppDelegate.swift in Sources */ = {isa = PBXBuildFile; fileRef = 112C1B2327F6AA01001C8BAF /* AppDelegate.swift */; };
		112C1B2627F6AA01001C8BAF /* SceneDelegate.swift in Sources */ = {isa = PBXBuildFile; fileRef = 112C1B2527F6AA01001C8BAF /* SceneDelegate.swift */; };
		112C1B2827F6AA01001C8BAF /* ViewController.swift in Sources */ = {isa = PBXBuildFile; fileRef = 112C1B2727F6AA01001C8BAF /* ViewController.swift */; };
		112C1B2B27F6AA01001C8BAF /* Main.storyboard in Resources */ = {isa = PBXBuildFile; fileRef = 112C1B2927F6AA01001C8BAF /* Main.storyboard */; };
		112C1B2D27F6AA02001C8BAF /* Assets.xcassets in Resources */ = {isa = PBXBuildFile; fileRef = 112C1B2C27F6AA02001C8BAF /* Assets.xcassets */; };
		112C1B3027F6AA02001C8BAF /* LaunchScreen.storyboard in Resources */ = {isa = PBXBuildFile; fileRef = 112C1B2E27F6AA02001C8BAF /* LaunchScreen.storyboard */; };
		112C1B3B27F6AA03001C8BAF /* BubblePopTests.swift in Sources */ = {isa = PBXBuildFile; fileRef = 112C1B3A27F6AA03001C8BAF /* BubblePopTests.swift */; };
		112C1B4527F6AA03001C8BAF /* BubblePopUITests.swift in Sources */ = {isa = PBXBuildFile; fileRef = 112C1B4427F6AA03001C8BAF /* BubblePopUITests.swift */; };
		112C1B4727F6AA03001C8BAF /* BubblePopUITestsLaunchTests.swift in Sources */ = {isa = PBXBuildFile; fileRef = 112C1B4627F6AA03001C8BAF /* BubblePopUITestsLaunchTests.swift */; };
		11A23AE527FD415200692BAC /* SettingViewController.swift in Sources */ = {isa = PBXBuildFile; fileRef = 11A23AE427FD415200692BAC /* SettingViewController.swift */; };
		11A23AE727FD416500692BAC /* GameViewController.swift in Sources */ = {isa = PBXBuildFile; fileRef = 11A23AE627FD416500692BAC /* GameViewController.swift */; };
		11A23AE927FD417100692BAC /* HighScoreViewController.swift in Sources */ = {isa = PBXBuildFile; fileRef = 11A23AE827FD417100692BAC /* HighScoreViewController.swift */; };
		11A23AEB27FD418400692BAC /* Bubble.swift in Sources */ = {isa = PBXBuildFile; fileRef = 11A23AEA27FD418400692BAC /* Bubble.swift */; };
/* End PBXBuildFile section */

/* Begin PBXContainerItemProxy section */
		112C1B3727F6AA03001C8BAF /* PBXContainerItemProxy */ = {
			isa = PBXContainerItemProxy;
			containerPortal = 112C1B1827F6AA01001C8BAF /* Project object */;
			proxyType = 1;
			remoteGlobalIDString = 112C1B1F27F6AA01001C8BAF;
			remoteInfo = BubblePop;
		};
		112C1B4127F6AA03001C8BAF /* PBXContainerItemProxy */ = {
			isa = PBXContainerItemProxy;
			containerPortal = 112C1B1827F6AA01001C8BAF /* Project object */;
			proxyType = 1;
			remoteGlobalIDString = 112C1B1F27F6AA01001C8BAF;
			remoteInfo = BubblePop;
		};
/* End PBXContainerItemProxy section */

/* Begin PBXFileReference section */
		112C1B2027F6AA01001C8BAF /* BubblePop.app */ = {isa = PBXFileReference; explicitFileType = wrapper.application; includeInIndex = 0; path = BubblePop.app; sourceTree = BUILT_PRODUCTS_DIR; };
		112C1B2327F6AA01001C8BAF /* AppDelegate.swift */ = {isa = PBXFileReference; lastKnownFileType = sourcecode.swift; path = AppDelegate.swift; sourceTree = "<group>"; };
		112C1B2527F6AA01001C8BAF /* SceneDelegate.swift */ = {isa = PBXFileReference; lastKnownFileType = sourcecode.swift; path = SceneDelegate.swift; sourceTree = "<group>"; };
		112C1B2727F6AA01001C8BAF /* ViewController.swift */ = {isa = PBXFileReference; lastKnownFileType = sourcecode.swift; path = ViewController.swift; sourceTree = "<group>"; };
		112C1B2A27F6AA01001C8BAF /* Base */ = {isa = PBXFileReference; lastKnownFileType = file.storyboard; name = Base; path = Base.lproj/Main.storyboard; sourceTree = "<group>"; };
		112C1B2C27F6AA02001C8BAF /* Assets.xcassets */ = {isa = PBXFileReference; lastKnownFileType = folder.assetcatalog; path = Assets.xcassets; sourceTree = "<group>"; };
		112C1B2F27F6AA02001C8BAF /* Base */ = {isa = PBXFileReference; lastKnownFileType = file.storyboard; name = Base; path = Base.lproj/LaunchScreen.storyboard; sourceTree = "<group>"; };
		112C1B3127F6AA02001C8BAF /* Info.plist */ = {isa = PBXFileReference; lastKnownFileType = text.plist.xml; path = Info.plist; sourceTree = "<group>"; };
		112C1B3627F6AA03001C8BAF /* BubblePopTests.xctest */ = {isa = PBXFileReference; explicitFileType = wrapper.cfbundle; includeInIndex = 0; path = BubblePopTests.xctest; sourceTree = BUILT_PRODUCTS_DIR; };
		112C1B3A27F6AA03001C8BAF /* BubblePopTests.swift */ = {isa = PBXFileReference; lastKnownFileType = sourcecode.swift; path = BubblePopTests.swift; sourceTree = "<group>"; };
		112C1B4027F6AA03001C8BAF /* BubblePopUITests.xctest */ = {isa = PBXFileReference; explicitFileType = wrapper.cfbundle; includeInIndex = 0; path = BubblePopUITests.xctest; sourceTree = BUILT_PRODUCTS_DIR; };
		112C1B4427F6AA03001C8BAF /* BubblePopUITests.swift */ = {isa = PBXFileReference; lastKnownFileType = sourcecode.swift; path = BubblePopUITests.swift; sourceTree = "<group>"; };
		112C1B4627F6AA03001C8BAF /* BubblePopUITestsLaunchTests.swift */ = {isa = PBXFileReference; lastKnownFileType = sourcecode.swift; path = BubblePopUITestsLaunchTests.swift; sourceTree = "<group>"; };
		11A23AE427FD415200692BAC /* SettingViewController.swift */ = {isa = PBXFileReference; lastKnownFileType = sourcecode.swift; path = SettingViewController.swift; sourceTree = "<group>"; };
		11A23AE627FD416500692BAC /* GameViewController.swift */ = {isa = PBXFileReference; lastKnownFileType = sourcecode.swift; path = GameViewController.swift; sourceTree = "<group>"; };
		11A23AE827FD417100692BAC /* HighScoreViewController.swift */ = {isa = PBXFileReference; lastKnownFileType = sourcecode.swift; path = HighScoreViewController.swift; sourceTree = "<group>"; };
		11A23AEA27FD418400692BAC /* Bubble.swift */ = {isa = PBXFileReference; lastKnownFileType = sourcecode.swift; path = Bubble.swift; sourceTree = "<group>"; };
/* End PBXFileReference section */

/* Begin PBXFrameworksBuildPhase section */
		112C1B1D27F6AA01001C8BAF /* Frameworks */ = {
			isa = PBXFrameworksBuildPhase;
			buildActionMask = 2147483647;
			files = (
			);
			runOnlyForDeploymentPostprocessing = 0;
		};
		112C1B3327F6AA03001C8BAF /* Frameworks */ = {
			isa = PBXFrameworksBuildPhase;
			buildActionMask = 2147483647;
			files = (
			);
			runOnlyForDeploymentPostprocessing = 0;
		};
		112C1B3D27F6AA03001C8BAF /* Frameworks */ = {
			isa = PBXFrameworksBuildPhase;
			buildActionMask = 2147483647;
			files = (
			);
			runOnlyForDeploymentPostprocessing = 0;
		};
/* End PBXFrameworksBuildPhase section */

/* Begin PBXGroup section */
		112C1B1727F6AA01001C8BAF = {
			isa = PBXGroup;
			children = (
				11A23AE327FD409D00692BAC /* View */,
				11A23AE227FD408F00692BAC /* Controller */,
				11A23AE127FD408200692BAC /* Model */,
				112C1B2227F6AA01001C8BAF /* BubblePop */,
				112C1B3927F6AA03001C8BAF /* BubblePopTests */,
				112C1B4327F6AA03001C8BAF /* BubblePopUITests */,
				112C1B2127F6AA01001C8BAF /* Products */,
			);
			sourceTree = "<group>";
		};
		112C1B2127F6AA01001C8BAF /* Products */ = {
			isa = PBXGroup;
			children = (
				112C1B2027F6AA01001C8BAF /* BubblePop.app */,
				112C1B3627F6AA03001C8BAF /* BubblePopTests.xctest */,
				112C1B4027F6AA03001C8BAF /* BubblePopUITests.xctest */,
			);
			name = Products;
			sourceTree = "<group>";
		};
		112C1B2227F6AA01001C8BAF /* BubblePop */ = {
			isa = PBXGroup;
			children = (
				112C1B2327F6AA01001C8BAF /* AppDelegate.swift */,
				112C1B2527F6AA01001C8BAF /* SceneDelegate.swift */,
				112C1B2727F6AA01001C8BAF /* ViewController.swift */,
				112C1B2C27F6AA02001C8BAF /* Assets.xcassets */,
				112C1B2E27F6AA02001C8BAF /* LaunchScreen.storyboard */,
				112C1B3127F6AA02001C8BAF /* Info.plist */,
			);
			path = BubblePop;
			sourceTree = "<group>";
		};
		112C1B3927F6AA03001C8BAF /* BubblePopTests */ = {
			isa = PBXGroup;
			children = (
				112C1B3A27F6AA03001C8BAF /* BubblePopTests.swift */,
			);
			path = BubblePopTests;
			sourceTree = "<group>";
		};
		112C1B4327F6AA03001C8BAF /* BubblePopUITests */ = {
			isa = PBXGroup;
			children = (
				112C1B4427F6AA03001C8BAF /* BubblePopUITests.swift */,
				112C1B4627F6AA03001C8BAF /* BubblePopUITestsLaunchTests.swift */,
			);
			path = BubblePopUITests;
			sourceTree = "<group>";
		};
		11A23AE127FD408200692BAC /* Model */ = {
			isa = PBXGroup;
			children = (
				11A23AEA27FD418400692BAC /* Bubble.swift */,
			);
			path = Model;
			sourceTree = "<group>";
		};
		11A23AE227FD408F00692BAC /* Controller */ = {
			isa = PBXGroup;
			children = (
				11A23AE427FD415200692BAC /* SettingViewController.swift */,
				11A23AE627FD416500692BAC /* GameViewController.swift */,
				11A23AE827FD417100692BAC /* HighScoreViewController.swift */,
			);
			path = Controller;
			sourceTree = "<group>";
		};
		11A23AE327FD409D00692BAC /* View */ = {
			isa = PBXGroup;
			children = (
				112C1B2927F6AA01001C8BAF /* Main.storyboard */,
			);
			path = View;
			sourceTree = "<group>";
		};
/* End PBXGroup section */

/* Begin PBXNativeTarget section */
		112C1B1F27F6AA01001C8BAF /* BubblePop */ = {
			isa = PBXNativeTarget;
			buildConfigurationList = 112C1B4A27F6AA03001C8BAF /* Build configuration list for PBXNativeTarget "BubblePop" */;
			buildPhases = (
				112C1B1C27F6AA01001C8BAF /* Sources */,
				112C1B1D27F6AA01001C8BAF /* Frameworks */,
				112C1B1E27F6AA01001C8BAF /* Resources */,
			);
			buildRules = (
			);
			dependencies = (
			);
			name = BubblePop;
			productName = BubblePop;
			productReference = 112C1B2027F6AA01001C8BAF /* BubblePop.app */;
			productType = "com.apple.product-type.application";
		};
		112C1B3527F6AA03001C8BAF /* BubblePopTests */ = {
			isa = PBXNativeTarget;
			buildConfigurationList = 112C1B4D27F6AA03001C8BAF /* Build configuration list for PBXNativeTarget "BubblePopTests" */;
			buildPhases = (
				112C1B3227F6AA03001C8BAF /* Sources */,
				112C1B3327F6AA03001C8BAF /* Frameworks */,
				112C1B3427F6AA03001C8BAF /* Resources */,
			);
			buildRules = (
			);
			dependencies = (
				112C1B3827F6AA03001C8BAF /* PBXTargetDependency */,
			);
			name = BubblePopTests;
			productName = BubblePopTests;
			productReference = 112C1B3627F6AA03001C8BAF /* BubblePopTests.xctest */;
			productType = "com.apple.product-type.bundle.unit-test";
		};
		112C1B3F27F6AA03001C8BAF /* BubblePopUITests */ = {
			isa = PBXNativeTarget;
			buildConfigurationList = 112C1B5027F6AA03001C8BAF /* Build configuration list for PBXNativeTarget "BubblePopUITests" */;
			buildPhases = (
				112C1B3C27F6AA03001C8BAF /* Sources */,
				112C1B3D27F6AA03001C8BAF /* Frameworks */,
				112C1B3E27F6AA03001C8BAF /* Resources */,
			);
			buildRules = (
			);
			dependencies = (
				112C1B4227F6AA03001C8BAF /* PBXTargetDependency */,
			);
			name = BubblePopUITests;
			productName = BubblePopUITests;
			productReference = 112C1B4027F6AA03001C8BAF /* BubblePopUITests.xctest */;
			productType = "com.apple.product-type.bundle.ui-testing";
		};
/* End PBXNativeTarget section */

/* Begin PBXProject section */
		112C1B1827F6AA01001C8BAF /* Project object */ = {
			isa = PBXProject;
			attributes = {
				BuildIndependentTargetsInParallel = 1;
				LastSwiftUpdateCheck = 1330;
				LastUpgradeCheck = 1330;
				TargetAttributes = {
					112C1B1F27F6AA01001C8BAF = {
						CreatedOnToolsVersion = 13.3;
					};
					112C1B3527F6AA03001C8BAF = {
						CreatedOnToolsVersion = 13.3;
						TestTargetID = 112C1B1F27F6AA01001C8BAF;
					};
					112C1B3F27F6AA03001C8BAF = {
						CreatedOnToolsVersion = 13.3;
						TestTargetID = 112C1B1F27F6AA01001C8BAF;
					};
				};
			};
			buildConfigurationList = 112C1B1B27F6AA01001C8BAF /* Build configuration list for PBXProject "BubblePop" */;
			compatibilityVersion = "Xcode 13.0";
			developmentRegion = en;
			hasScannedForEncodings = 0;
			knownRegions = (
				en,
				Base,
			);
			mainGroup = 112C1B1727F6AA01001C8BAF;
			productRefGroup = 112C1B2127F6AA01001C8BAF /* Products */;
			projectDirPath = "";
			projectRoot = "";
			targets = (
				112C1B1F27F6AA01001C8BAF /* BubblePop */,
				112C1B3527F6AA03001C8BAF /* BubblePopTests */,
				112C1B3F27F6AA03001C8BAF /* BubblePopUITests */,
			);
		};
/* End PBXProject section */

/* Begin PBXResourcesBuildPhase section */
		112C1B1E27F6AA01001C8BAF /* Resources */ = {
			isa = PBXResourcesBuildPhase;
			buildActionMask = 2147483647;
			files = (
				112C1B3027F6AA02001C8BAF /* LaunchScreen.storyboard in Resources */,
				112C1B2D27F6AA02001C8BAF /* Assets.xcassets in Resources */,
				112C1B2B27F6AA01001C8BAF /* Main.storyboard in Resources */,
			);
			runOnlyForDeploymentPostprocessing = 0;
		};
		112C1B3427F6AA03001C8BAF /* Resources */ = {
			isa = PBXResourcesBuildPhase;
			buildActionMask = 2147483647;
			files = (
			);
			runOnlyForDeploymentPostprocessing = 0;
		};
		112C1B3E27F6AA03001C8BAF /* Resources */ = {
			isa = PBXResourcesBuildPhase;
			buildActionMask = 2147483647;
			files = (
			);
			runOnlyForDeploymentPostprocessing = 0;
		};
/* End PBXResourcesBuildPhase section */

/* Begin PBXSourcesBuildPhase section */
		112C1B1C27F6AA01001C8BAF /* Sources */ = {
			isa = PBXSourcesBuildPhase;
			buildActionMask = 2147483647;
			files = (
				11A23AE727FD416500692BAC /* GameViewController.swift in Sources */,
				112C1B2827F6AA01001C8BAF /* ViewController.swift in Sources */,
				112C1B2427F6AA01001C8BAF /* AppDelegate.swift in Sources */,
				112C1B2627F6AA01001C8BAF /* SceneDelegate.swift in Sources */,
				11A23AEB27FD418400692BAC /* Bubble.swift in Sources */,
				11A23AE527FD415200692BAC /* SettingViewController.swift in Sources */,
				11A23AE927FD417100692BAC /* HighScoreViewController.swift in Sources */,
			);
			runOnlyForDeploymentPostprocessing = 0;
		};
		112C1B3227F6AA03001C8BAF /* Sources */ = {
			isa = PBXSourcesBuildPhase;
			buildActionMask = 2147483647;
			files = (
				112C1B3B27F6AA03001C8BAF /* BubblePopTests.swift in Sources */,
			);
			runOnlyForDeploymentPostprocessing = 0;
		};
		112C1B3C27F6AA03001C8BAF /* Sources */ = {
			isa = PBXSourcesBuildPhase;
			buildActionMask = 2147483647;
			files = (
				112C1B4727F6AA03001C8BAF /* BubblePopUITestsLaunchTests.swift in Sources */,
				112C1B4527F6AA03001C8BAF /* BubblePopUITests.swift in Sources */,
			);
			runOnlyForDeploymentPostprocessing = 0;
		};
/* End PBXSourcesBuildPhase section */

/* Begin PBXTargetDependency section */
		112C1B3827F6AA03001C8BAF /* PBXTargetDependency */ = {
			isa = PBXTargetDependency;
			target = 112C1B1F27F6AA01001C8BAF /* BubblePop */;
			targetProxy = 112C1B3727F6AA03001C8BAF /* PBXContainerItemProxy */;
		};
		112C1B4227F6AA03001C8BAF /* PBXTargetDependency */ = {
			isa = PBXTargetDependency;
			target = 112C1B1F27F6AA01001C8BAF /* BubblePop */;
			targetProxy = 112C1B4127F6AA03001C8BAF /* PBXContainerItemProxy */;
		};
/* End PBXTargetDependency section */

/* Begin PBXVariantGroup section */
		112C1B2927F6AA01001C8BAF /* Main.storyboard */ = {
			isa = PBXVariantGroup;
			children = (
				112C1B2A27F6AA01001C8BAF /* Base */,
			);
			name = Main.storyboard;
			sourceTree = "<group>";
		};
		112C1B2E27F6AA02001C8BAF /* LaunchScreen.storyboard */ = {
			isa = PBXVariantGroup;
			children = (
				112C1B2F27F6AA02001C8BAF /* Base */,
			);
			name = LaunchScreen.storyboard;
			sourceTree = "<group>";
		};
/* End PBXVariantGroup section */

/* Begin XCBuildConfiguration section */
		112C1B4827F6AA03001C8BAF /* Debug */ = {
			isa = XCBuildConfiguration;
			buildSettings = {
				ALWAYS_SEARCH_USER_PATHS = NO;
				CLANG_ANALYZER_NONNULL = YES;
				CLANG_ANALYZER_NUMBER_OBJECT_CONVERSION = YES_AGGRESSIVE;
				CLANG_CXX_LANGUAGE_STANDARD = "gnu++17";
				CLANG_ENABLE_MODULES = YES;
				CLANG_ENABLE_OBJC_ARC = YES;
				CLANG_ENABLE_OBJC_WEAK = YES;
				CLANG_WARN_BLOCK_CAPTURE_AUTORELEASING = YES;
				CLANG_WARN_BOOL_CONVERSION = YES;
				CLANG_WARN_COMMA = YES;
				CLANG_WARN_CONSTANT_CONVERSION = YES;
				CLANG_WARN_DEPRECATED_OBJC_IMPLEMENTATIONS = YES;
				CLANG_WARN_DIRECT_OBJC_ISA_USAGE = YES_ERROR;
				CLANG_WARN_DOCUMENTATION_COMMENTS = YES;
				CLANG_WARN_EMPTY_BODY = YES;
				CLANG_WARN_ENUM_CONVERSION = YES;
				CLANG_WARN_INFINITE_RECURSION = YES;
				CLANG_WARN_INT_CONVERSION = YES;
				CLANG_WARN_NON_LITERAL_NULL_CONVERSION = YES;
				CLANG_WARN_OBJC_IMPLICIT_RETAIN_SELF = YES;
				CLANG_WARN_OBJC_LITERAL_CONVERSION = YES;
				CLANG_WARN_OBJC_ROOT_CLASS = YES_ERROR;
				CLANG_WARN_QUOTED_INCLUDE_IN_FRAMEWORK_HEADER = YES;
				CLANG_WARN_RANGE_LOOP_ANALYSIS = YES;
				CLANG_WARN_STRICT_PROTOTYPES = YES;
				CLANG_WARN_SUSPICIOUS_MOVE = YES;
				CLANG_WARN_UNGUARDED_AVAILABILITY = YES_AGGRESSIVE;
				CLANG_WARN_UNREACHABLE_CODE = YES;
				CLANG_WARN__DUPLICATE_METHOD_MATCH = YES;
				COPY_PHASE_STRIP = NO;
				DEBUG_INFORMATION_FORMAT = dwarf;
				ENABLE_STRICT_OBJC_MSGSEND = YES;
				ENABLE_TESTABILITY = YES;
				GCC_C_LANGUAGE_STANDARD = gnu11;
				GCC_DYNAMIC_NO_PIC = NO;
				GCC_NO_COMMON_BLOCKS = YES;
				GCC_OPTIMIZATION_LEVEL = 0;
				GCC_PREPROCESSOR_DEFINITIONS = (
					"DEBUG=1",
					"$(inherited)",
				);
				GCC_WARN_64_TO_32_BIT_CONVERSION = YES;
				GCC_WARN_ABOUT_RETURN_TYPE = YES_ERROR;
				GCC_WARN_UNDECLARED_SELECTOR = YES;
				GCC_WARN_UNINITIALIZED_AUTOS = YES_AGGRESSIVE;
				GCC_WARN_UNUSED_FUNCTION = YES;
				GCC_WARN_UNUSED_VARIABLE = YES;
				IPHONEOS_DEPLOYMENT_TARGET = 15.4;
				MTL_ENABLE_DEBUG_INFO = INCLUDE_SOURCE;
				MTL_FAST_MATH = YES;
				ONLY_ACTIVE_ARCH = YES;
				SDKROOT = iphoneos;
				SWIFT_ACTIVE_COMPILATION_CONDITIONS = DEBUG;
				SWIFT_OPTIMIZATION_LEVEL = "-Onone";
			};
			name = Debug;
		};
		112C1B4927F6AA03001C8BAF /* Release */ = {
			isa = XCBuildConfiguration;
			buildSettings = {
				ALWAYS_SEARCH_USER_PATHS = NO;
				CLANG_ANALYZER_NONNULL = YES;
				CLANG_ANALYZER_NUMBER_OBJECT_CONVERSION = YES_AGGRESSIVE;
				CLANG_CXX_LANGUAGE_STANDARD = "gnu++17";
				CLANG_ENABLE_MODULES = YES;
				CLANG_ENABLE_OBJC_ARC = YES;
				CLANG_ENABLE_OBJC_WEAK = YES;
				CLANG_WARN_BLOCK_CAPTURE_AUTORELEASING = YES;
				CLANG_WARN_BOOL_CONVERSION = YES;
				CLANG_WARN_COMMA = YES;
				CLANG_WARN_CONSTANT_CONVERSION = YES;
				CLANG_WARN_DEPRECATED_OBJC_IMPLEMENTATIONS = YES;
				CLANG_WARN_DIRECT_OBJC_ISA_USAGE = YES_ERROR;
				CLANG_WARN_DOCUMENTATION_COMMENTS = YES;
				CLANG_WARN_EMPTY_BODY = YES;
				CLANG_WARN_ENUM_CONVERSION = YES;
				CLANG_WARN_INFINITE_RECURSION = YES;
				CLANG_WARN_INT_CONVERSION = YES;
				CLANG_WARN_NON_LITERAL_NULL_CONVERSION = YES;
				CLANG_WARN_OBJC_IMPLICIT_RETAIN_SELF = YES;
				CLANG_WARN_OBJC_LITERAL_CONVERSION = YES;
				CLANG_WARN_OBJC_ROOT_CLASS = YES_ERROR;
				CLANG_WARN_QUOTED_INCLUDE_IN_FRAMEWORK_HEADER = YES;
				CLANG_WARN_RANGE_LOOP_ANALYSIS = YES;
				CLANG_WARN_STRICT_PROTOTYPES = YES;
				CLANG_WARN_SUSPICIOUS_MOVE = YES;
				CLANG_WARN_UNGUARDED_AVAILABILITY = YES_AGGRESSIVE;
				CLANG_WARN_UNREACHABLE_CODE = YES;
				CLANG_WARN__DUPLICATE_METHOD_MATCH = YES;
				COPY_PHASE_STRIP = NO;
				DEBUG_INFORMATION_FORMAT = "dwarf-with-dsym";
				ENABLE_NS_ASSERTIONS = NO;
				ENABLE_STRICT_OBJC_MSGSEND = YES;
				GCC_C_LANGUAGE_STANDARD = gnu11;
				GCC_NO_COMMON_BLOCKS = YES;
				GCC_WARN_64_TO_32_BIT_CONVERSION = YES;
				GCC_WARN_ABOUT_RETURN_TYPE = YES_ERROR;
				GCC_WARN_UNDECLARED_SELECTOR = YES;
				GCC_WARN_UNINITIALIZED_AUTOS = YES_AGGRESSIVE;
				GCC_WARN_UNUSED_FUNCTION = YES;
				GCC_WARN_UNUSED_VARIABLE = YES;
				IPHONEOS_DEPLOYMENT_TARGET = 15.4;
				MTL_ENABLE_DEBUG_INFO = NO;
				MTL_FAST_MATH = YES;
				SDKROOT = iphoneos;
				SWIFT_COMPILATION_MODE = wholemodule;
				SWIFT_OPTIMIZATION_LEVEL = "-O";
				VALIDATE_PRODUCT = YES;
			};
			name = Release;
		};
		112C1B4B27F6AA03001C8BAF /* Debug */ = {
			isa = XCBuildConfiguration;
			buildSettings = {
				ASSETCATALOG_COMPILER_APPICON_NAME = AppIcon;
				ASSETCATALOG_COMPILER_GLOBAL_ACCENT_COLOR_NAME = AccentColor;
				CODE_SIGN_STYLE = Automatic;
				CURRENT_PROJECT_VERSION = 1;
				GENERATE_INFOPLIST_FILE = YES;
				INFOPLIST_FILE = BubblePop/Info.plist;
				INFOPLIST_KEY_UIApplicationSupportsIndirectInputEvents = YES;
				INFOPLIST_KEY_UILaunchStoryboardName = LaunchScreen;
				INFOPLIST_KEY_UIMainStoryboardFile = Main;
				INFOPLIST_KEY_UISupportedInterfaceOrientations_iPad = "UIInterfaceOrientationPortrait UIInterfaceOrientationPortraitUpsideDown UIInterfaceOrientationLandscapeLeft UIInterfaceOrientationLandscapeRight";
				INFOPLIST_KEY_UISupportedInterfaceOrientations_iPhone = "UIInterfaceOrientationPortrait UIInterfaceOrientationLandscapeLeft UIInterfaceOrientationLandscapeRight";
				LD_RUNPATH_SEARCH_PATHS = (
					"$(inherited)",
					"@executable_path/Frameworks",
				);
				MARKETING_VERSION = 1.0;
				PRODUCT_BUNDLE_IDENTIFIER = au.edu.uts.BubblePop;
				PRODUCT_NAME = "$(TARGET_NAME)";
				SWIFT_EMIT_LOC_STRINGS = YES;
				SWIFT_VERSION = 5.0;
				TARGETED_DEVICE_FAMILY = "1,2";
			};
			name = Debug;
		};
		112C1B4C27F6AA03001C8BAF /* Release */ = {
			isa = XCBuildConfiguration;
			buildSettings = {
				ASSETCATALOG_COMPILER_APPICON_NAME = AppIcon;
				ASSETCATALOG_COMPILER_GLOBAL_ACCENT_COLOR_NAME = AccentColor;
				CODE_SIGN_STYLE = Automatic;
				CURRENT_PROJECT_VERSION = 1;
				GENERATE_INFOPLIST_FILE = YES;
				INFOPLIST_FILE = BubblePop/Info.plist;
				INFOPLIST_KEY_UIApplicationSupportsIndirectInputEvents = YES;
				INFOPLIST_KEY_UILaunchStoryboardName = LaunchScreen;
				INFOPLIST_KEY_UIMainStoryboardFile = Main;
				INFOPLIST_KEY_UISupportedInterfaceOrientations_iPad = "UIInterfaceOrientationPortrait UIInterfaceOrientationPortraitUpsideDown UIInterfaceOrientationLandscapeLeft UIInterfaceOrientationLandscapeRight";
				INFOPLIST_KEY_UISupportedInterfaceOrientations_iPhone = "UIInterfaceOrientationPortrait UIInterfaceOrientationLandscapeLeft UIInterfaceOrientationLandscapeRight";
				LD_RUNPATH_SEARCH_PATHS = (
					"$(inherited)",
					"@executable_path/Frameworks",
				);
				MARKETING_VERSION = 1.0;
				PRODUCT_BUNDLE_IDENTIFIER = au.edu.uts.BubblePop;
				PRODUCT_NAME = "$(TARGET_NAME)";
				SWIFT_EMIT_LOC_STRINGS = YES;
				SWIFT_VERSION = 5.0;
				TARGETED_DEVICE_FAMILY = "1,2";
			};
			name = Release;
		};
		112C1B4E27F6AA03001C8BAF /* Debug */ = {
			isa = XCBuildConfiguration;
			buildSettings = {
				ALWAYS_EMBED_SWIFT_STANDARD_LIBRARIES = YES;
				BUNDLE_LOADER = "$(TEST_HOST)";
				CODE_SIGN_STYLE = Automatic;
				CURRENT_PROJECT_VERSION = 1;
				GENERATE_INFOPLIST_FILE = YES;
				IPHONEOS_DEPLOYMENT_TARGET = 15.4;
				MARKETING_VERSION = 1.0;
				PRODUCT_BUNDLE_IDENTIFIER = au.edu.uts.BubblePopTests;
				PRODUCT_NAME = "$(TARGET_NAME)";
				SWIFT_EMIT_LOC_STRINGS = NO;
				SWIFT_VERSION = 5.0;
				TARGETED_DEVICE_FAMILY = "1,2";
				TEST_HOST = "$(BUILT_PRODUCTS_DIR)/BubblePop.app/BubblePop";
			};
			name = Debug;
		};
		112C1B4F27F6AA03001C8BAF /* Release */ = {
			isa = XCBuildConfiguration;
			buildSettings = {
				ALWAYS_EMBED_SWIFT_STANDARD_LIBRARIES = YES;
				BUNDLE_LOADER = "$(TEST_HOST)";
				CODE_SIGN_STYLE = Automatic;
				CURRENT_PROJECT_VERSION = 1;
				GENERATE_INFOPLIST_FILE = YES;
				IPHONEOS_DEPLOYMENT_TARGET = 15.4;
				MARKETING_VERSION = 1.0;
				PRODUCT_BUNDLE_IDENTIFIER = au.edu.uts.BubblePopTests;
				PRODUCT_NAME = "$(TARGET_NAME)";
				SWIFT_EMIT_LOC_STRINGS = NO;
				SWIFT_VERSION = 5.0;
				TARGETED_DEVICE_FAMILY = "1,2";
				TEST_HOST = "$(BUILT_PRODUCTS_DIR)/BubblePop.app/BubblePop";
			};
			name = Release;
		};
		112C1B5127F6AA03001C8BAF /* Debug */ = {
			isa = XCBuildConfiguration;
			buildSettings = {
				ALWAYS_EMBED_SWIFT_STANDARD_LIBRARIES = YES;
				CODE_SIGN_STYLE = Automatic;
				CURRENT_PROJECT_VERSION = 1;
				GENERATE_INFOPLIST_FILE = YES;
				MARKETING_VERSION = 1.0;
				PRODUCT_BUNDLE_IDENTIFIER = au.edu.uts.BubblePopUITests;
				PRODUCT_NAME = "$(TARGET_NAME)";
				SWIFT_EMIT_LOC_STRINGS = NO;
				SWIFT_VERSION = 5.0;
				TARGETED_DEVICE_FAMILY = "1,2";
				TEST_TARGET_NAME = BubblePop;
			};
			name = Debug;
		};
		112C1B5227F6AA03001C8BAF /* Release */ = {
			isa = XCBuildConfiguration;
			buildSettings = {
				ALWAYS_EMBED_SWIFT_STANDARD_LIBRARIES = YES;
				CODE_SIGN_STYLE = Automatic;
				CURRENT_PROJECT_VERSION = 1;
				GENERATE_INFOPLIST_FILE = YES;
				MARKETING_VERSION = 1.0;
				PRODUCT_BUNDLE_IDENTIFIER = au.edu.uts.BubblePopUITests;
				PRODUCT_NAME = "$(TARGET_NAME)";
				SWIFT_EMIT_LOC_STRINGS = NO;
				SWIFT_VERSION = 5.0;
				TARGETED_DEVICE_FAMILY = "1,2";
				TEST_TARGET_NAME = BubblePop;
			};
			name = Release;
		};
/* End XCBuildConfiguration section */

/* Begin XCConfigurationList section */
		112C1B1B27F6AA01001C8BAF /* Build configuration list for PBXProject "BubblePop" */ = {
			isa = XCConfigurationList;
			buildConfigurations = (
				112C1B4827F6AA03001C8BAF /* Debug */,
				112C1B4927F6AA03001C8BAF /* Release */,
			);
			defaultConfigurationIsVisible = 0;
			defaultConfigurationName = Release;
		};
		112C1B4A27F6AA03001C8BAF /* Build configuration list for PBXNativeTarget "BubblePop" */ = {
			isa = XCConfigurationList;
			buildConfigurations = (
				112C1B4B27F6AA03001C8BAF /* Debug */,
				112C1B4C27F6AA03001C8BAF /* Release */,
			);
			defaultConfigurationIsVisible = 0;
			defaultConfigurationName = Release;
		};
		112C1B4D27F6AA03001C8BAF /* Build configuration list for PBXNativeTarget "BubblePopTests" */ = {
			isa = XCConfigurationList;
			buildConfigurations = (
				112C1B4E27F6AA03001C8BAF /* Debug */,
				112C1B4F27F6AA03001C8BAF /* Release */,
			);
			defaultConfigurationIsVisible = 0;
			defaultConfigurationName = Release;
		};
		112C1B5027F6AA03001C8BAF /* Build configuration list for PBXNativeTarget "BubblePopUITests" */ = {
			isa = XCConfigurationList;
			buildConfigurations = (
				112C1B5127F6AA03001C8BAF /* Debug */,
				112C1B5227F6AA03001C8BAF /* Release */,
			);
			defaultConfigurationIsVisible = 0;
			defaultConfigurationName = Release;
		};
/* End XCConfigurationList section */
	};
	rootObject = 112C1B1827F6AA01001C8BAF /* Project object */;
}
